
Microsoft Visual Studio Solution File, Format Version 12.00
# Visual Studio 14
VisualStudioVersion = 14.0.25420.1
MinimumVisualStudioVersion = 10.0.40219.1
Project("{8BC9CEB8-8B4A-11D0-8D11-00A0C91BC942}") = "MFCApplication1", "MFCApplication1\MFCApplication1.vcxproj", "{49C72AE2-A3E0-4AEC-89A7-9548F538043E}"
EndProject
Project("{8BC9CEB8-8B4A-11D0-8D11-00A0C91BC942}") = "MFCLibrary1", "MFCLibrary1\MFCLibrary1.vcxproj", "{CF81C9ED-684B-41B5-B938-9BE414A979B1}"
EndProject
Project("{8BC9CEB8-8B4A-11D0-8D11-00A0C91BC942}") = "UnitTest1", "UnitTest1\UnitTest1.vcxproj", "{65011595-82E7-4C4E-B188-9D6AD7A6F331}"
EndProject
Global
	GlobalSection(SolutionConfigurationPlatforms) = preSolution
		Debug|x64 = Debug|x64
		Debug|x86 = Debug|x86
		Release|x64 = Release|x64
		Release|x86 = Release|x86
	EndGlobalSection
	GlobalSection(ProjectConfigurationPlatforms) = postSolution
		{49C72AE2-A3E0-4AEC-89A7-9548F538043E}.Debug|x64.ActiveCfg = Debug|x64
		{49C72AE2-A3E0-4AEC-89A7-9548F538043E}.Debug|x64.Build.0 = Debug|x64
		{49C72AE2-A3E0-4AEC-89A7-9548F538043E}.Debug|x86.ActiveCfg = Debug|Win32
		{49C72AE2-A3E0-4AEC-89A7-9548F538043E}.Debug|x86.Build.0 = Debug|Win32
		{49C72AE2-A3E0-4AEC-89A7-9548F538043E}.Release|x64.ActiveCfg = Release|x64
		{49C72AE2-A3E0-4AEC-89A7-9548F538043E}.Release|x64.Build.0 = Release|x64
		{49C72AE2-A3E0-4AEC-89A7-9548F538043E}.Release|x86.ActiveCfg = Release|Win32
		{49C72AE2-A3E0-4AEC-89A7-9548F538043E}.Release|x86.Build.0 = Release|Win32
		{CF81C9ED-684B-41B5-B938-9BE414A979B1}.Debug|x64.ActiveCfg = Debug|x64
		{CF81C9ED-684B-41B5-B938-9BE414A979B1}.Debug|x64.Build.0 = Debug|x64
		{CF81C9ED-684B-41B5-B938-9BE414A979B1}.Debug|x86.ActiveCfg = Debug|Win32
		{CF81C9ED-684B-41B5-B938-9BE414A979B1}.Debug|x86.Build.0 = Debug|Win32
		{CF81C9ED-684B-41B5-B938-9BE414A979B1}.Release|x64.ActiveCfg = Release|x64
		{CF81C9ED-684B-41B5-B938-9BE414A979B1}.Release|x64.Build.0 = Release|x64
		{CF81C9ED-684B-41B5-B938-9BE414A979B1}.Release|x86.ActiveCfg = Release|Win32
		{CF81C9ED-684B-41B5-B938-9BE414A979B1}.Release|x86.Build.0 = Release|Win32
		{65011595-82E7-4C4E-B188-9D6AD7A6F331}.Debug|x64.ActiveCfg = Debug|x64
		{65011595-82E7-4C4E-B188-9D6AD7A6F331}.Debug|x64.Build.0 = Debug|x64
		{65011595-82E7-4C4E-B188-9D6AD7A6F331}.Debug|x86.ActiveCfg = Debug|Win32
		{65011595-82E7-4C4E-B188-9D6AD7A6F331}.Debug|x86.Build.0 = Debug|Win32
		{65011595-82E7-4C4E-B188-9D6AD7A6F331}.Release|x64.ActiveCfg = Release|x64
		{65011595-82E7-4C4E-B188-9D6AD7A6F331}.Release|x64.Build.0 = Release|x64
		{65011595-82E7-4C4E-B188-9D6AD7A6F331}.Release|x86.ActiveCfg = Release|Win32
		{65011595-82E7-4C4E-B188-9D6AD7A6F331}.Release|x86.Build.0 = Release|Win32
	EndGlobalSection
	GlobalSection(SolutionProperties) = preSolution
		HideSolutionNode = FALSE
	EndGlobalSection
EndGlobal
